
Microsoft Visual Studio Solution File, Format Version 12.00
# Visual Studio Version 16
VisualStudioVersion = 16.0.29920.165
MinimumVisualStudioVersion = 10.0.40219.1
Project("{FAE04EC0-301F-11D3-BF4B-00C04F79EFBC}") = "Command Relay Application Protocol", "Command Relay Application Protocol\Command Relay Application Protocol.csproj", "{5B1DBFA1-F239-4889-A731-3B2A59F9D4A5}"
EndProject
Global
	GlobalSection(SolutionConfigurationPlatforms) = preSolution
		Debug|Any CPU = Debug|Any CPU
		Release|Any CPU = Release|Any CPU
	EndGlobalSection
	GlobalSection(ProjectConfigurationPlatforms) = postSolution
		{5B1DBFA1-F239-4889-A731-3B2A59F9D4A5}.Debug|Any CPU.ActiveCfg = Debug|Any CPU
		{5B1DBFA1-F239-4889-A731-3B2A59F9D4A5}.Debug|Any CPU.Build.0 = Debug|Any CPU
		{5B1DBFA1-F239-4889-A731-3B2A59F9D4A5}.Release|Any CPU.ActiveCfg = Release|Any CPU
		{5B1DBFA1-F239-4889-A731-3B2A59F9D4A5}.Release|Any CPU.Build.0 = Release|Any CPU
	EndGlobalSection
	GlobalSection(SolutionProperties) = preSolution
		HideSolutionNode = FALSE
	EndGlobalSection
	GlobalSection(ExtensibilityGlobals) = postSolution
		SolutionGuid = {F32AE720-38BA-44AC-8E9C-FAF60F9FA581}
	EndGlobalSection
EndGlobal
